{
  "name": "utoolsContactViewer",
  "version": "0.0.1",
  "lockfileVersion": 3,
  "requires": true,
  "packages": {
    "": {
      "license": "MIT",
      "dependencies": {
        "js.vcf": "*",
        "pinyin-pro": "*"
      }
    },
    "node_modules/js.vcf": {
      "version": "0.0.1",
      "resolved": "https://registry.npmmirror.com/js.vcf/-/js.vcf-0.0.1.tgz",
      "integrity": "sha512-ekbL1E0dJ/tFFo2W/4ZVMzPWCcOTctg1GEKn5U1NPQjfnv3Pozi5lhoBZt/tBTb0/GB1f/rOm3WeuamVttCaQg=="
    },
    "node_modules/pinyin-pro": {
      "version": "3.14.0",
      "resolved": "https://registry.npmmirror.com/pinyin-pro/-/pinyin-pro-3.14.0.tgz",
      "integrity": "sha512-mbFw2Gx8IlbnxClhaACRFUWXa/lCzCttrPIdHXPzAvWOAmTKcdTFlMjbt5Quq6YY2asgD79Ml/MQpPEGN3o8iw=="
    }
  }
}
